// !$*UTF8*$!
{
	archiveVersion = 1;
	classes = {
	};
	objectVersion = 56;
	objects = {

/* Begin PBXBuildFile section */
		143D0A672DEC3BBB00F5464F /* AllTeams.swift in Sources */ = {isa = PBXBuildFile; fileRef = 143D0A662DEC3BBB00F5464F /* AllTeams.swift */; };
		1462AE032DEC9957002E52C2 /* TeamDetails.storyboard in Resources */ = {isa = PBXBuildFile; fileRef = 1462AE022DEC9957002E52C2 /* TeamDetails.storyboard */; };
		1462AE072DEC998B002E52C2 /* PlayerTableViewCell.swift in Sources */ = {isa = PBXBuildFile; fileRef = 1462AE052DEC998B002E52C2 /* PlayerTableViewCell.swift */; };
		1462AE082DEC998B002E52C2 /* PlayerTableViewCell.xib in Resources */ = {isa = PBXBuildFile; fileRef = 1462AE062DEC998B002E52C2 /* PlayerTableViewCell.xib */; };
		1462AE0B2DEC99AF002E52C2 /* TeamDetailsPresenter.swift in Sources */ = {isa = PBXBuildFile; fileRef = 1462AE0A2DEC99AF002E52C2 /* TeamDetailsPresenter.swift */; };
		1462AE0D2DECA65D002E52C2 /* TennisPlayers.swift in Sources */ = {isa = PBXBuildFile; fileRef = 1462AE0C2DECA65D002E52C2 /* TennisPlayers.swift */; };
		147D59152DEDAC8000E73181 /* CoachTableViewCell.swift in Sources */ = {isa = PBXBuildFile; fileRef = 147D59132DEDAC8000E73181 /* CoachTableViewCell.swift */; };
		147D59162DEDAC8000E73181 /* CoachTableViewCell.xib in Resources */ = {isa = PBXBuildFile; fileRef = 147D59142DEDAC8000E73181 /* CoachTableViewCell.xib */; };
		147D59182DEDC65100E73181 /* FavouritesTableViewController.swift in Sources */ = {isa = PBXBuildFile; fileRef = 147D59172DEDC65100E73181 /* FavouritesTableViewController.swift */; };
		147D591B2DEDD5D800E73181 /* LocalDataSource.swift in Sources */ = {isa = PBXBuildFile; fileRef = 147D591A2DEDD5D800E73181 /* LocalDataSource.swift */; };
		147D591D2DEDD5F900E73181 /* LocalDataSourceProtocol.swift in Sources */ = {isa = PBXBuildFile; fileRef = 147D591C2DEDD5F900E73181 /* LocalDataSourceProtocol.swift */; };
		14A263432DEB35B700055EFC /* LeagueDetails.storyboard in Resources */ = {isa = PBXBuildFile; fileRef = 14A263422DEB35B700055EFC /* LeagueDetails.storyboard */; };
		14A263482DEB375100055EFC /* TeamCollectionViewCell.swift in Sources */ = {isa = PBXBuildFile; fileRef = 14A263462DEB375100055EFC /* TeamCollectionViewCell.swift */; };
		14A263492DEB375100055EFC /* TeamCollectionViewCell.xib in Resources */ = {isa = PBXBuildFile; fileRef = 14A263472DEB375100055EFC /* TeamCollectionViewCell.xib */; };
		14A2634C2DEB377300055EFC /* EventCollectionViewCell.swift in Sources */ = {isa = PBXBuildFile; fileRef = 14A2634A2DEB377300055EFC /* EventCollectionViewCell.swift */; };
		14A2634D2DEB377300055EFC /* EventCollectionViewCell.xib in Resources */ = {isa = PBXBuildFile; fileRef = 14A2634B2DEB377300055EFC /* EventCollectionViewCell.xib */; };
		14A2634F2DEB37AA00055EFC /* LeagueDetailsCollectionViewController.swift in Sources */ = {isa = PBXBuildFile; fileRef = 14A2634E2DEB37AA00055EFC /* LeagueDetailsCollectionViewController.swift */; };
		14A263522DEB494400055EFC /* LeagueDetailsPresenter.swift in Sources */ = {isa = PBXBuildFile; fileRef = 14A263512DEB494400055EFC /* LeagueDetailsPresenter.swift */; };
		14A263552DEB5D9C00055EFC /* UpcomingEventModel.swift in Sources */ = {isa = PBXBuildFile; fileRef = 14A263542DEB5D9C00055EFC /* UpcomingEventModel.swift */; };
		14A263572DEB66DC00055EFC /* LatestResultsModel .swift in Sources */ = {isa = PBXBuildFile; fileRef = 14A263562DEB66DC00055EFC /* LatestResultsModel .swift */; };
		14B25D1A2DE93EBB004788ED /* AppDelegate.swift in Sources */ = {isa = PBXBuildFile; fileRef = 14B25D192DE93EBB004788ED /* AppDelegate.swift */; };
		14B25D1C2DE93EBB004788ED /* SceneDelegate.swift in Sources */ = {isa = PBXBuildFile; fileRef = 14B25D1B2DE93EBB004788ED /* SceneDelegate.swift */; };
		14B25D1E2DE93EBB004788ED /* ViewController.swift in Sources */ = {isa = PBXBuildFile; fileRef = 14B25D1D2DE93EBB004788ED /* ViewController.swift */; };
		14B25D212DE93EBB004788ED /* Main.storyboard in Resources */ = {isa = PBXBuildFile; fileRef = 14B25D1F2DE93EBB004788ED /* Main.storyboard */; };
		14B25D242DE93EBB004788ED /* SQUADRA_SPORTS_APP.xcdatamodeld in Sources */ = {isa = PBXBuildFile; fileRef = 14B25D222DE93EBB004788ED /* SQUADRA_SPORTS_APP.xcdatamodeld */; };
		14B25D262DE93EBD004788ED /* Assets.xcassets in Resources */ = {isa = PBXBuildFile; fileRef = 14B25D252DE93EBD004788ED /* Assets.xcassets */; };
		14B25D292DE93EBD004788ED /* LaunchScreen.storyboard in Resources */ = {isa = PBXBuildFile; fileRef = 14B25D272DE93EBD004788ED /* LaunchScreen.storyboard */; };
		14B25D342DE93EBE004788ED /* SQUADRA_SPORTS_APPTests.swift in Sources */ = {isa = PBXBuildFile; fileRef = 14B25D332DE93EBE004788ED /* SQUADRA_SPORTS_APPTests.swift */; };
		14B25D3E2DE93EBE004788ED /* SQUADRA_SPORTS_APPUITests.swift in Sources */ = {isa = PBXBuildFile; fileRef = 14B25D3D2DE93EBE004788ED /* SQUADRA_SPORTS_APPUITests.swift */; };
		14B25D402DE93EBE004788ED /* SQUADRA_SPORTS_APPUITestsLaunchTests.swift in Sources */ = {isa = PBXBuildFile; fileRef = 14B25D3F2DE93EBE004788ED /* SQUADRA_SPORTS_APPUITestsLaunchTests.swift */; };
		14B25D542DE93F5A004788ED /* Leagues.storyboard in Resources */ = {isa = PBXBuildFile; fileRef = 14B25D532DE93F5A004788ED /* Leagues.storyboard */; };
		14B25D572DE93FAB004788ED /* AllSportsModel.swift in Sources */ = {isa = PBXBuildFile; fileRef = 14B25D562DE93FAB004788ED /* AllSportsModel.swift */; };
		14B25D5A2DE93FCB004788ED /* AllSportsPresenter.swift in Sources */ = {isa = PBXBuildFile; fileRef = 14B25D592DE93FCB004788ED /* AllSportsPresenter.swift */; };
		14B25D5C2DE94968004788ED /* AllSportsCollectionViewController.swift in Sources */ = {isa = PBXBuildFile; fileRef = 14B25D5B2DE94968004788ED /* AllSportsCollectionViewController.swift */; };
		14B25D5F2DE949B6004788ED /* CollectionViewCell.swift in Sources */ = {isa = PBXBuildFile; fileRef = 14B25D5D2DE949B6004788ED /* CollectionViewCell.swift */; };
		14B25D602DE949B6004788ED /* CollectionViewCell.xib in Resources */ = {isa = PBXBuildFile; fileRef = 14B25D5E2DE949B6004788ED /* CollectionViewCell.xib */; };
		14F36FF92DEA59F300F4687F /* Alamofire in Frameworks */ = {isa = PBXBuildFile; productRef = 14F36FF82DEA59F300F4687F /* Alamofire */; };
		14F36FFE2DEA5A9200F4687F /* Kingfisher in Frameworks */ = {isa = PBXBuildFile; productRef = 14F36FFD2DEA5A9200F4687F /* Kingfisher */; };
		14F3700B2DEA5FF900F4687F /* LeaguesModel.swift in Sources */ = {isa = PBXBuildFile; fileRef = 14F3700A2DEA5FF900F4687F /* LeaguesModel.swift */; };
		14F3700E2DEA60A500F4687F /* LeaguesPresenter.swift in Sources */ = {isa = PBXBuildFile; fileRef = 14F3700D2DEA60A500F4687F /* LeaguesPresenter.swift */; };
		14F370132DEA60FB00F4687F /* NetworkService.swift in Sources */ = {isa = PBXBuildFile; fileRef = 14F370122DEA60FB00F4687F /* NetworkService.swift */; };
		14F370182DEA634C00F4687F /* APIKeys.swift in Sources */ = {isa = PBXBuildFile; fileRef = 14F370172DEA634C00F4687F /* APIKeys.swift */; };
		B83485032DEBAC05007D84F0 /* HeaderCollectionViewCell.swift in Sources */ = {isa = PBXBuildFile; fileRef = B83485012DEBAC05007D84F0 /* HeaderCollectionViewCell.swift */; };
		B83485042DEBAC05007D84F0 /* HeaderCollectionViewCell.xib in Resources */ = {isa = PBXBuildFile; fileRef = B83485022DEBAC05007D84F0 /* HeaderCollectionViewCell.xib */; };
		B83600572DEC9E9F00F1274C /* TeamDetailsViewController.swift in Sources */ = {isa = PBXBuildFile; fileRef = B83600562DEC9E9F00F1274C /* TeamDetailsViewController.swift */; };
		B836FF722DEC77AB00F1274C /* SectionHeaderTitle.swift in Sources */ = {isa = PBXBuildFile; fileRef = B836FF712DEC779C00F1274C /* SectionHeaderTitle.swift */; };
		B857F1E42DE9418500BA2AAF /* LeaguesTableViewController.swift in Sources */ = {isa = PBXBuildFile; fileRef = B857F1E32DE9418500BA2AAF /* LeaguesTableViewController.swift */; };
		B857F1E72DE941A800BA2AAF /* LeaguesTableViewCell.xib in Resources */ = {isa = PBXBuildFile; fileRef = B857F1E62DE941A800BA2AAF /* LeaguesTableViewCell.xib */; };
		B857F1E82DE941A800BA2AAF /* LeaguesTableViewCell.swift in Sources */ = {isa = PBXBuildFile; fileRef = B857F1E52DE941A800BA2AAF /* LeaguesTableViewCell.swift */; };
/* End PBXBuildFile section */

/* Begin PBXContainerItemProxy section */
		14B25D302DE93EBE004788ED /* PBXContainerItemProxy */ = {
			isa = PBXContainerItemProxy;
			containerPortal = 14B25D0E2DE93EBB004788ED /* Project object */;
			proxyType = 1;
			remoteGlobalIDString = 14B25D152DE93EBB004788ED;
			remoteInfo = "SQUADRA-SPORTS-APP";
		};
		14B25D3A2DE93EBE004788ED /* PBXContainerItemProxy */ = {
			isa = PBXContainerItemProxy;
			containerPortal = 14B25D0E2DE93EBB004788ED /* Project object */;
			proxyType = 1;
			remoteGlobalIDString = 14B25D152DE93EBB004788ED;
			remoteInfo = "SQUADRA-SPORTS-APP";
		};
/* End PBXContainerItemProxy section */

/* Begin PBXFileReference section */
		143D0A662DEC3BBB00F5464F /* AllTeams.swift */ = {isa = PBXFileReference; lastKnownFileType = sourcecode.swift; path = AllTeams.swift; sourceTree = "<group>"; };
		1462AE022DEC9957002E52C2 /* TeamDetails.storyboard */ = {isa = PBXFileReference; lastKnownFileType = file.storyboard; path = TeamDetails.storyboard; sourceTree = "<group>"; };
		1462AE052DEC998B002E52C2 /* PlayerTableViewCell.swift */ = {isa = PBXFileReference; lastKnownFileType = sourcecode.swift; path = PlayerTableViewCell.swift; sourceTree = "<group>"; };
		1462AE062DEC998B002E52C2 /* PlayerTableViewCell.xib */ = {isa = PBXFileReference; lastKnownFileType = file.xib; path = PlayerTableViewCell.xib; sourceTree = "<group>"; };
		1462AE0A2DEC99AF002E52C2 /* TeamDetailsPresenter.swift */ = {isa = PBXFileReference; lastKnownFileType = sourcecode.swift; path = TeamDetailsPresenter.swift; sourceTree = "<group>"; };
		1462AE0C2DECA65D002E52C2 /* TennisPlayers.swift */ = {isa = PBXFileReference; lastKnownFileType = sourcecode.swift; path = TennisPlayers.swift; sourceTree = "<group>"; };
		147D59132DEDAC8000E73181 /* CoachTableViewCell.swift */ = {isa = PBXFileReference; lastKnownFileType = sourcecode.swift; path = CoachTableViewCell.swift; sourceTree = "<group>"; };
		147D59142DEDAC8000E73181 /* CoachTableViewCell.xib */ = {isa = PBXFileReference; lastKnownFileType = file.xib; path = CoachTableViewCell.xib; sourceTree = "<group>"; };
		147D59172DEDC65100E73181 /* FavouritesTableViewController.swift */ = {isa = PBXFileReference; lastKnownFileType = sourcecode.swift; path = FavouritesTableViewController.swift; sourceTree = "<group>"; };
		147D591A2DEDD5D800E73181 /* LocalDataSource.swift */ = {isa = PBXFileReference; lastKnownFileType = sourcecode.swift; path = LocalDataSource.swift; sourceTree = "<group>"; };
		147D591C2DEDD5F900E73181 /* LocalDataSourceProtocol.swift */ = {isa = PBXFileReference; lastKnownFileType = sourcecode.swift; path = LocalDataSourceProtocol.swift; sourceTree = "<group>"; };
		14A263422DEB35B700055EFC /* LeagueDetails.storyboard */ = {isa = PBXFileReference; lastKnownFileType = file.storyboard; path = LeagueDetails.storyboard; sourceTree = "<group>"; };
		14A263462DEB375100055EFC /* TeamCollectionViewCell.swift */ = {isa = PBXFileReference; lastKnownFileType = sourcecode.swift; path = TeamCollectionViewCell.swift; sourceTree = "<group>"; };
		14A263472DEB375100055EFC /* TeamCollectionViewCell.xib */ = {isa = PBXFileReference; lastKnownFileType = file.xib; path = TeamCollectionViewCell.xib; sourceTree = "<group>"; };
		14A2634A2DEB377300055EFC /* EventCollectionViewCell.swift */ = {isa = PBXFileReference; lastKnownFileType = sourcecode.swift; path = EventCollectionViewCell.swift; sourceTree = "<group>"; };
		14A2634B2DEB377300055EFC /* EventCollectionViewCell.xib */ = {isa = PBXFileReference; lastKnownFileType = file.xib; path = EventCollectionViewCell.xib; sourceTree = "<group>"; };
		14A2634E2DEB37AA00055EFC /* LeagueDetailsCollectionViewController.swift */ = {isa = PBXFileReference; lastKnownFileType = sourcecode.swift; path = LeagueDetailsCollectionViewController.swift; sourceTree = "<group>"; };
		14A263512DEB494400055EFC /* LeagueDetailsPresenter.swift */ = {isa = PBXFileReference; lastKnownFileType = sourcecode.swift; path = LeagueDetailsPresenter.swift; sourceTree = "<group>"; };
		14A263542DEB5D9C00055EFC /* UpcomingEventModel.swift */ = {isa = PBXFileReference; lastKnownFileType = sourcecode.swift; path = UpcomingEventModel.swift; sourceTree = "<group>"; };
		14A263562DEB66DC00055EFC /* LatestResultsModel .swift */ = {isa = PBXFileReference; lastKnownFileType = sourcecode.swift; path = "LatestResultsModel .swift"; sourceTree = "<group>"; };
		14B25D162DE93EBB004788ED /* SQUADRA-SPORTS-APP.app */ = {isa = PBXFileReference; explicitFileType = wrapper.application; includeInIndex = 0; path = "SQUADRA-SPORTS-APP.app"; sourceTree = BUILT_PRODUCTS_DIR; };
		14B25D192DE93EBB004788ED /* AppDelegate.swift */ = {isa = PBXFileReference; lastKnownFileType = sourcecode.swift; path = AppDelegate.swift; sourceTree = "<group>"; };
		14B25D1B2DE93EBB004788ED /* SceneDelegate.swift */ = {isa = PBXFileReference; lastKnownFileType = sourcecode.swift; path = SceneDelegate.swift; sourceTree = "<group>"; };
		14B25D1D2DE93EBB004788ED /* ViewController.swift */ = {isa = PBXFileReference; lastKnownFileType = sourcecode.swift; path = ViewController.swift; sourceTree = "<group>"; };
		14B25D202DE93EBB004788ED /* Base */ = {isa = PBXFileReference; lastKnownFileType = file.storyboard; name = Base; path = Base.lproj/Main.storyboard; sourceTree = "<group>"; };
		14B25D232DE93EBB004788ED /* SQUADRA_SPORTS_APP.xcdatamodel */ = {isa = PBXFileReference; lastKnownFileType = wrapper.xcdatamodel; path = SQUADRA_SPORTS_APP.xcdatamodel; sourceTree = "<group>"; };
		14B25D252DE93EBD004788ED /* Assets.xcassets */ = {isa = PBXFileReference; lastKnownFileType = folder.assetcatalog; path = Assets.xcassets; sourceTree = "<group>"; };
		14B25D282DE93EBD004788ED /* Base */ = {isa = PBXFileReference; lastKnownFileType = file.storyboard; name = Base; path = Base.lproj/LaunchScreen.storyboard; sourceTree = "<group>"; };
		14B25D2A2DE93EBD004788ED /* Info.plist */ = {isa = PBXFileReference; lastKnownFileType = text.plist.xml; path = Info.plist; sourceTree = "<group>"; };
		14B25D2F2DE93EBE004788ED /* SQUADRA-SPORTS-APPTests.xctest */ = {isa = PBXFileReference; explicitFileType = wrapper.cfbundle; includeInIndex = 0; path = "SQUADRA-SPORTS-APPTests.xctest"; sourceTree = BUILT_PRODUCTS_DIR; };
		14B25D332DE93EBE004788ED /* SQUADRA_SPORTS_APPTests.swift */ = {isa = PBXFileReference; lastKnownFileType = sourcecode.swift; path = SQUADRA_SPORTS_APPTests.swift; sourceTree = "<group>"; };
		14B25D392DE93EBE004788ED /* SQUADRA-SPORTS-APPUITests.xctest */ = {isa = PBXFileReference; explicitFileType = wrapper.cfbundle; includeInIndex = 0; path = "SQUADRA-SPORTS-APPUITests.xctest"; sourceTree = BUILT_PRODUCTS_DIR; };
		14B25D3D2DE93EBE004788ED /* SQUADRA_SPORTS_APPUITests.swift */ = {isa = PBXFileReference; lastKnownFileType = sourcecode.swift; path = SQUADRA_SPORTS_APPUITests.swift; sourceTree = "<group>"; };
		14B25D3F2DE93EBE004788ED /* SQUADRA_SPORTS_APPUITestsLaunchTests.swift */ = {isa = PBXFileReference; lastKnownFileType = sourcecode.swift; path = SQUADRA_SPORTS_APPUITestsLaunchTests.swift; sourceTree = "<group>"; };
		14B25D532DE93F5A004788ED /* Leagues.storyboard */ = {isa = PBXFileReference; lastKnownFileType = file.storyboard; path = Leagues.storyboard; sourceTree = "<group>"; };
		14B25D562DE93FAB004788ED /* AllSportsModel.swift */ = {isa = PBXFileReference; lastKnownFileType = sourcecode.swift; path = AllSportsModel.swift; sourceTree = "<group>"; };
		14B25D592DE93FCB004788ED /* AllSportsPresenter.swift */ = {isa = PBXFileReference; lastKnownFileType = sourcecode.swift; path = AllSportsPresenter.swift; sourceTree = "<group>"; };
		14B25D5B2DE94968004788ED /* AllSportsCollectionViewController.swift */ = {isa = PBXFileReference; lastKnownFileType = sourcecode.swift; path = AllSportsCollectionViewController.swift; sourceTree = "<group>"; };
		14B25D5D2DE949B6004788ED /* CollectionViewCell.swift */ = {isa = PBXFileReference; lastKnownFileType = sourcecode.swift; path = CollectionViewCell.swift; sourceTree = "<group>"; };
		14B25D5E2DE949B6004788ED /* CollectionViewCell.xib */ = {isa = PBXFileReference; lastKnownFileType = file.xib; path = CollectionViewCell.xib; sourceTree = "<group>"; };
		14F3700A2DEA5FF900F4687F /* LeaguesModel.swift */ = {isa = PBXFileReference; lastKnownFileType = sourcecode.swift; path = LeaguesModel.swift; sourceTree = "<group>"; };
		14F3700D2DEA60A500F4687F /* LeaguesPresenter.swift */ = {isa = PBXFileReference; lastKnownFileType = sourcecode.swift; path = LeaguesPresenter.swift; sourceTree = "<group>"; };
		14F370122DEA60FB00F4687F /* NetworkService.swift */ = {isa = PBXFileReference; lastKnownFileType = sourcecode.swift; path = NetworkService.swift; sourceTree = "<group>"; };
		14F370172DEA634C00F4687F /* APIKeys.swift */ = {isa = PBXFileReference; lastKnownFileType = sourcecode.swift; path = APIKeys.swift; sourceTree = "<group>"; };
		B83485012DEBAC05007D84F0 /* HeaderCollectionViewCell.swift */ = {isa = PBXFileReference; lastKnownFileType = sourcecode.swift; path = HeaderCollectionViewCell.swift; sourceTree = "<group>"; };
		B83485022DEBAC05007D84F0 /* HeaderCollectionViewCell.xib */ = {isa = PBXFileReference; lastKnownFileType = file.xib; path = HeaderCollectionViewCell.xib; sourceTree = "<group>"; };
		B83600562DEC9E9F00F1274C /* TeamDetailsViewController.swift */ = {isa = PBXFileReference; lastKnownFileType = sourcecode.swift; path = TeamDetailsViewController.swift; sourceTree = "<group>"; };
		B836FF712DEC779C00F1274C /* SectionHeaderTitle.swift */ = {isa = PBXFileReference; lastKnownFileType = sourcecode.swift; path = SectionHeaderTitle.swift; sourceTree = "<group>"; };
		B857F1E32DE9418500BA2AAF /* LeaguesTableViewController.swift */ = {isa = PBXFileReference; lastKnownFileType = sourcecode.swift; path = LeaguesTableViewController.swift; sourceTree = "<group>"; };
		B857F1E52DE941A800BA2AAF /* LeaguesTableViewCell.swift */ = {isa = PBXFileReference; lastKnownFileType = sourcecode.swift; path = LeaguesTableViewCell.swift; sourceTree = "<group>"; };
		B857F1E62DE941A800BA2AAF /* LeaguesTableViewCell.xib */ = {isa = PBXFileReference; lastKnownFileType = file.xib; path = LeaguesTableViewCell.xib; sourceTree = "<group>"; };
/* End PBXFileReference section */

/* Begin PBXFrameworksBuildPhase section */
		14B25D132DE93EBB004788ED /* Frameworks */ = {
			isa = PBXFrameworksBuildPhase;
			buildActionMask = 2147483647;
			files = (
				14F36FFE2DEA5A9200F4687F /* Kingfisher in Frameworks */,
				14F36FF92DEA59F300F4687F /* Alamofire in Frameworks */,
			);
			runOnlyForDeploymentPostprocessing = 0;
		};
		14B25D2C2DE93EBE004788ED /* Frameworks */ = {
			isa = PBXFrameworksBuildPhase;
			buildActionMask = 2147483647;
			files = (
			);
			runOnlyForDeploymentPostprocessing = 0;
		};
		14B25D362DE93EBE004788ED /* Frameworks */ = {
			isa = PBXFrameworksBuildPhase;
			buildActionMask = 2147483647;
			files = (
			);
			runOnlyForDeploymentPostprocessing = 0;
		};
/* End PBXFrameworksBuildPhase section */

/* Begin PBXGroup section */
		1462AE002DEC9912002E52C2 /* TeamDetails */ = {
			isa = PBXGroup;
			children = (
				1462AE092DEC9998002E52C2 /* Presenter */,
				1462AE012DEC992B002E52C2 /* View */,
			);
			path = TeamDetails;
			sourceTree = "<group>";
		};
		1462AE012DEC992B002E52C2 /* View */ = {
			isa = PBXGroup;
			children = (
				147D59122DEDAC5500E73181 /* Coach */,
				1462AE042DEC9965002E52C2 /* Player */,
				1462AE022DEC9957002E52C2 /* TeamDetails.storyboard */,
				B83600562DEC9E9F00F1274C /* TeamDetailsViewController.swift */,
			);
			path = View;
			sourceTree = "<group>";
		};
		1462AE042DEC9965002E52C2 /* Player */ = {
			isa = PBXGroup;
			children = (
				1462AE052DEC998B002E52C2 /* PlayerTableViewCell.swift */,
				1462AE062DEC998B002E52C2 /* PlayerTableViewCell.xib */,
			);
			path = Player;
			sourceTree = "<group>";
		};
		1462AE092DEC9998002E52C2 /* Presenter */ = {
			isa = PBXGroup;
			children = (
				1462AE0A2DEC99AF002E52C2 /* TeamDetailsPresenter.swift */,
			);
			path = Presenter;
			sourceTree = "<group>";
		};
		147D59122DEDAC5500E73181 /* Coach */ = {
			isa = PBXGroup;
			children = (
				147D59132DEDAC8000E73181 /* CoachTableViewCell.swift */,
				147D59142DEDAC8000E73181 /* CoachTableViewCell.xib */,
			);
			path = Coach;
			sourceTree = "<group>";
		};
		147D59192DEDD5A300E73181 /* Local */ = {
			isa = PBXGroup;
			children = (
				147D591A2DEDD5D800E73181 /* LocalDataSource.swift */,
				147D591C2DEDD5F900E73181 /* LocalDataSourceProtocol.swift */,
			);
			path = Local;
			sourceTree = "<group>";
		};
		14A263402DEB356600055EFC /* LeagueDetails */ = {
			isa = PBXGroup;
			children = (
				14A263532DEB5D6400055EFC /* Model */,
				14A263502DEB492900055EFC /* Presenter */,
				14A263412DEB357600055EFC /* View */,
			);
			path = LeagueDetails;
			sourceTree = "<group>";
		};
		14A263412DEB357600055EFC /* View */ = {
			isa = PBXGroup;
			children = (
				B83485002DEBABCD007D84F0 /* Header */,
				14A263452DEB36F100055EFC /* Teams */,
				14A263442DEB36DF00055EFC /* Events */,
				14A263422DEB35B700055EFC /* LeagueDetails.storyboard */,
				14A2634E2DEB37AA00055EFC /* LeagueDetailsCollectionViewController.swift */,
			);
			path = View;
			sourceTree = "<group>";
		};
		14A263442DEB36DF00055EFC /* Events */ = {
			isa = PBXGroup;
			children = (
				14A2634A2DEB377300055EFC /* EventCollectionViewCell.swift */,
				14A2634B2DEB377300055EFC /* EventCollectionViewCell.xib */,
			);
			path = Events;
			sourceTree = "<group>";
		};
		14A263452DEB36F100055EFC /* Teams */ = {
			isa = PBXGroup;
			children = (
				14A263462DEB375100055EFC /* TeamCollectionViewCell.swift */,
				14A263472DEB375100055EFC /* TeamCollectionViewCell.xib */,
			);
			path = Teams;
			sourceTree = "<group>";
		};
		14A263502DEB492900055EFC /* Presenter */ = {
			isa = PBXGroup;
			children = (
				14A263512DEB494400055EFC /* LeagueDetailsPresenter.swift */,
			);
			path = Presenter;
			sourceTree = "<group>";
		};
		14A263532DEB5D6400055EFC /* Model */ = {
			isa = PBXGroup;
			children = (
				14A263542DEB5D9C00055EFC /* UpcomingEventModel.swift */,
				14A263562DEB66DC00055EFC /* LatestResultsModel .swift */,
				143D0A662DEC3BBB00F5464F /* AllTeams.swift */,
				1462AE0C2DECA65D002E52C2 /* TennisPlayers.swift */,
			);
			path = Model;
			sourceTree = "<group>";
		};
		14B25D0D2DE93EBB004788ED = {
			isa = PBXGroup;
			children = (
				14B25D182DE93EBB004788ED /* SQUADRA-SPORTS-APP */,
				14B25D322DE93EBE004788ED /* SQUADRA-SPORTS-APPTests */,
				14B25D3C2DE93EBE004788ED /* SQUADRA-SPORTS-APPUITests */,
				14B25D172DE93EBB004788ED /* Products */,
			);
			sourceTree = "<group>";
		};
		14B25D172DE93EBB004788ED /* Products */ = {
			isa = PBXGroup;
			children = (
				14B25D162DE93EBB004788ED /* SQUADRA-SPORTS-APP.app */,
				14B25D2F2DE93EBE004788ED /* SQUADRA-SPORTS-APPTests.xctest */,
				14B25D392DE93EBE004788ED /* SQUADRA-SPORTS-APPUITests.xctest */,
			);
			name = Products;
			sourceTree = "<group>";
		};
		14B25D182DE93EBB004788ED /* SQUADRA-SPORTS-APP */ = {
			isa = PBXGroup;
			children = (
				1462AE002DEC9912002E52C2 /* TeamDetails */,
				14A263402DEB356600055EFC /* LeagueDetails */,
				14F370142DEA631400F4687F /* Utilites */,
				14F3700F2DEA60CA00F4687F /* Data */,
				14B25D512DE93F36004788ED /* Leagues */,
				14B25D4F2DE93F10004788ED /* AllSports */,
				14B25D4E2DE93EEB004788ED /* Resources */,
				14B25D4D2DE93EDD004788ED /* App */,
				14B25D2A2DE93EBD004788ED /* Info.plist */,
				14B25D222DE93EBB004788ED /* SQUADRA_SPORTS_APP.xcdatamodeld */,
			);
			path = "SQUADRA-SPORTS-APP";
			sourceTree = "<group>";
		};
		14B25D322DE93EBE004788ED /* SQUADRA-SPORTS-APPTests */ = {
			isa = PBXGroup;
			children = (
				14B25D332DE93EBE004788ED /* SQUADRA_SPORTS_APPTests.swift */,
			);
			path = "SQUADRA-SPORTS-APPTests";
			sourceTree = "<group>";
		};
		14B25D3C2DE93EBE004788ED /* SQUADRA-SPORTS-APPUITests */ = {
			isa = PBXGroup;
			children = (
				14B25D3D2DE93EBE004788ED /* SQUADRA_SPORTS_APPUITests.swift */,
				14B25D3F2DE93EBE004788ED /* SQUADRA_SPORTS_APPUITestsLaunchTests.swift */,
			);
			path = "SQUADRA-SPORTS-APPUITests";
			sourceTree = "<group>";
		};
		14B25D4D2DE93EDD004788ED /* App */ = {
			isa = PBXGroup;
			children = (
				14B25D192DE93EBB004788ED /* AppDelegate.swift */,
				14B25D1B2DE93EBB004788ED /* SceneDelegate.swift */,
			);
			path = App;
			sourceTree = "<group>";
		};
		14B25D4E2DE93EEB004788ED /* Resources */ = {
			isa = PBXGroup;
			children = (
				14B25D252DE93EBD004788ED /* Assets.xcassets */,
			);
			path = Resources;
			sourceTree = "<group>";
		};
		14B25D4F2DE93F10004788ED /* AllSports */ = {
			isa = PBXGroup;
			children = (
				14B25D582DE93FB5004788ED /* Presenter */,
				14B25D552DE93F94004788ED /* Model */,
				14B25D502DE93F23004788ED /* View */,
			);
			path = AllSports;
			sourceTree = "<group>";
		};
		14B25D502DE93F23004788ED /* View */ = {
			isa = PBXGroup;
			children = (
				14B25D1D2DE93EBB004788ED /* ViewController.swift */,
				14B25D1F2DE93EBB004788ED /* Main.storyboard */,
				14B25D272DE93EBD004788ED /* LaunchScreen.storyboard */,
				14B25D5B2DE94968004788ED /* AllSportsCollectionViewController.swift */,
				14B25D5D2DE949B6004788ED /* CollectionViewCell.swift */,
				14B25D5E2DE949B6004788ED /* CollectionViewCell.xib */,
				147D59172DEDC65100E73181 /* FavouritesTableViewController.swift */,
			);
			path = View;
			sourceTree = "<group>";
		};
		14B25D512DE93F36004788ED /* Leagues */ = {
			isa = PBXGroup;
			children = (
				14F3700C2DEA607400F4687F /* Presenter */,
				14F370082DEA5FA600F4687F /* Model */,
				14B25D522DE93F49004788ED /* View */,
			);
			path = Leagues;
			sourceTree = "<group>";
		};
		14B25D522DE93F49004788ED /* View */ = {
			isa = PBXGroup;
			children = (
				14B25D532DE93F5A004788ED /* Leagues.storyboard */,
				B857F1E32DE9418500BA2AAF /* LeaguesTableViewController.swift */,
				B857F1E52DE941A800BA2AAF /* LeaguesTableViewCell.swift */,
				B857F1E62DE941A800BA2AAF /* LeaguesTableViewCell.xib */,
			);
			path = View;
			sourceTree = "<group>";
		};
		14B25D552DE93F94004788ED /* Model */ = {
			isa = PBXGroup;
			children = (
				14B25D562DE93FAB004788ED /* AllSportsModel.swift */,
			);
			path = Model;
			sourceTree = "<group>";
		};
		14B25D582DE93FB5004788ED /* Presenter */ = {
			isa = PBXGroup;
			children = (
				14B25D592DE93FCB004788ED /* AllSportsPresenter.swift */,
			);
			path = Presenter;
			sourceTree = "<group>";
		};
		14F370082DEA5FA600F4687F /* Model */ = {
			isa = PBXGroup;
			children = (
				14F3700A2DEA5FF900F4687F /* LeaguesModel.swift */,
			);
			path = Model;
			sourceTree = "<group>";
		};
		14F3700C2DEA607400F4687F /* Presenter */ = {
			isa = PBXGroup;
			children = (
				14F3700D2DEA60A500F4687F /* LeaguesPresenter.swift */,
			);
			path = Presenter;
			sourceTree = "<group>";
		};
		14F3700F2DEA60CA00F4687F /* Data */ = {
			isa = PBXGroup;
			children = (
				147D59192DEDD5A300E73181 /* Local */,
				14F370102DEA60D200F4687F /* Remote */,
			);
			path = Data;
			sourceTree = "<group>";
		};
		14F370102DEA60D200F4687F /* Remote */ = {
			isa = PBXGroup;
			children = (
				14F370112DEA60D900F4687F /* Network */,
			);
			path = Remote;
			sourceTree = "<group>";
		};
		14F370112DEA60D900F4687F /* Network */ = {
			isa = PBXGroup;
			children = (
				14F370122DEA60FB00F4687F /* NetworkService.swift */,
			);
			path = Network;
			sourceTree = "<group>";
		};
		14F370142DEA631400F4687F /* Utilites */ = {
			isa = PBXGroup;
			children = (
				14F370162DEA633500F4687F /* Enums */,
			);
			path = Utilites;
			sourceTree = "<group>";
		};
		14F370162DEA633500F4687F /* Enums */ = {
			isa = PBXGroup;
			children = (
				14F370172DEA634C00F4687F /* APIKeys.swift */,
			);
			path = Enums;
			sourceTree = "<group>";
		};
		B83485002DEBABCD007D84F0 /* Header */ = {
			isa = PBXGroup;
			children = (
				B836FF712DEC779C00F1274C /* SectionHeaderTitle.swift */,
				B83485012DEBAC05007D84F0 /* HeaderCollectionViewCell.swift */,
				B83485022DEBAC05007D84F0 /* HeaderCollectionViewCell.xib */,
			);
			path = Header;
			sourceTree = "<group>";
		};
/* End PBXGroup section */

/* Begin PBXNativeTarget section */
		14B25D152DE93EBB004788ED /* SQUADRA-SPORTS-APP */ = {
			isa = PBXNativeTarget;
			buildConfigurationList = 14B25D432DE93EBE004788ED /* Build configuration list for PBXNativeTarget "SQUADRA-SPORTS-APP" */;
			buildPhases = (
				14B25D122DE93EBB004788ED /* Sources */,
				14B25D132DE93EBB004788ED /* Frameworks */,
				14B25D142DE93EBB004788ED /* Resources */,
			);
			buildRules = (
			);
			dependencies = (
			);
			name = "SQUADRA-SPORTS-APP";
			packageProductDependencies = (
				14F36FF82DEA59F300F4687F /* Alamofire */,
				14F36FFD2DEA5A9200F4687F /* Kingfisher */,
			);
			productName = "SQUADRA-SPORTS-APP";
			productReference = 14B25D162DE93EBB004788ED /* SQUADRA-SPORTS-APP.app */;
			productType = "com.apple.product-type.application";
		};
		14B25D2E2DE93EBE004788ED /* SQUADRA-SPORTS-APPTests */ = {
			isa = PBXNativeTarget;
			buildConfigurationList = 14B25D462DE93EBE004788ED /* Build configuration list for PBXNativeTarget "SQUADRA-SPORTS-APPTests" */;
			buildPhases = (
				14B25D2B2DE93EBE004788ED /* Sources */,
				14B25D2C2DE93EBE004788ED /* Frameworks */,
				14B25D2D2DE93EBE004788ED /* Resources */,
			);
			buildRules = (
			);
			dependencies = (
				14B25D312DE93EBE004788ED /* PBXTargetDependency */,
			);
			name = "SQUADRA-SPORTS-APPTests";
			productName = "SQUADRA-SPORTS-APPTests";
			productReference = 14B25D2F2DE93EBE004788ED /* SQUADRA-SPORTS-APPTests.xctest */;
			productType = "com.apple.product-type.bundle.unit-test";
		};
		14B25D382DE93EBE004788ED /* SQUADRA-SPORTS-APPUITests */ = {
			isa = PBXNativeTarget;
			buildConfigurationList = 14B25D492DE93EBE004788ED /* Build configuration list for PBXNativeTarget "SQUADRA-SPORTS-APPUITests" */;
			buildPhases = (
				14B25D352DE93EBE004788ED /* Sources */,
				14B25D362DE93EBE004788ED /* Frameworks */,
				14B25D372DE93EBE004788ED /* Resources */,
			);
			buildRules = (
			);
			dependencies = (
				14B25D3B2DE93EBE004788ED /* PBXTargetDependency */,
			);
			name = "SQUADRA-SPORTS-APPUITests";
			productName = "SQUADRA-SPORTS-APPUITests";
			productReference = 14B25D392DE93EBE004788ED /* SQUADRA-SPORTS-APPUITests.xctest */;
			productType = "com.apple.product-type.bundle.ui-testing";
		};
/* End PBXNativeTarget section */

/* Begin PBXProject section */
		14B25D0E2DE93EBB004788ED /* Project object */ = {
			isa = PBXProject;
			attributes = {
				BuildIndependentTargetsInParallel = 1;
				LastSwiftUpdateCheck = 1430;
				LastUpgradeCheck = 1430;
				TargetAttributes = {
					14B25D152DE93EBB004788ED = {
						CreatedOnToolsVersion = 14.3.1;
					};
					14B25D2E2DE93EBE004788ED = {
						CreatedOnToolsVersion = 14.3.1;
						TestTargetID = 14B25D152DE93EBB004788ED;
					};
					14B25D382DE93EBE004788ED = {
						CreatedOnToolsVersion = 14.3.1;
						TestTargetID = 14B25D152DE93EBB004788ED;
					};
				};
			};
			buildConfigurationList = 14B25D112DE93EBB004788ED /* Build configuration list for PBXProject "SQUADRA-SPORTS-APP" */;
			compatibilityVersion = "Xcode 14.0";
			developmentRegion = en;
			hasScannedForEncodings = 0;
			knownRegions = (
				en,
				Base,
			);
			mainGroup = 14B25D0D2DE93EBB004788ED;
			packageReferences = (
				14F36FF72DEA59F200F4687F /* XCRemoteSwiftPackageReference "Alamofire" */,
				14F36FFC2DEA5A9200F4687F /* XCRemoteSwiftPackageReference "Kingfisher" */,
			);
			productRefGroup = 14B25D172DE93EBB004788ED /* Products */;
			projectDirPath = "";
			projectRoot = "";
			targets = (
				14B25D152DE93EBB004788ED /* SQUADRA-SPORTS-APP */,
				14B25D2E2DE93EBE004788ED /* SQUADRA-SPORTS-APPTests */,
				14B25D382DE93EBE004788ED /* SQUADRA-SPORTS-APPUITests */,
			);
		};
/* End PBXProject section */

/* Begin PBXResourcesBuildPhase section */
		14B25D142DE93EBB004788ED /* Resources */ = {
			isa = PBXResourcesBuildPhase;
			buildActionMask = 2147483647;
			files = (
				1462AE032DEC9957002E52C2 /* TeamDetails.storyboard in Resources */,
				14B25D292DE93EBD004788ED /* LaunchScreen.storyboard in Resources */,
				14A263492DEB375100055EFC /* TeamCollectionViewCell.xib in Resources */,
				14B25D262DE93EBD004788ED /* Assets.xcassets in Resources */,
				B83485042DEBAC05007D84F0 /* HeaderCollectionViewCell.xib in Resources */,
				14B25D602DE949B6004788ED /* CollectionViewCell.xib in Resources */,
				14A263432DEB35B700055EFC /* LeagueDetails.storyboard in Resources */,
				B857F1E72DE941A800BA2AAF /* LeaguesTableViewCell.xib in Resources */,
				1462AE082DEC998B002E52C2 /* PlayerTableViewCell.xib in Resources */,
				14B25D212DE93EBB004788ED /* Main.storyboard in Resources */,
				14B25D542DE93F5A004788ED /* Leagues.storyboard in Resources */,
				14A2634D2DEB377300055EFC /* EventCollectionViewCell.xib in Resources */,
				147D59162DEDAC8000E73181 /* CoachTableViewCell.xib in Resources */,
			);
			runOnlyForDeploymentPostprocessing = 0;
		};
		14B25D2D2DE93EBE004788ED /* Resources */ = {
			isa = PBXResourcesBuildPhase;
			buildActionMask = 2147483647;
			files = (
			);
			runOnlyForDeploymentPostprocessing = 0;
		};
		14B25D372DE93EBE004788ED /* Resources */ = {
			isa = PBXResourcesBuildPhase;
			buildActionMask = 2147483647;
			files = (
			);
			runOnlyForDeploymentPostprocessing = 0;
		};
/* End PBXResourcesBuildPhase section */

/* Begin PBXSourcesBuildPhase section */
		14B25D122DE93EBB004788ED /* Sources */ = {
			isa = PBXSourcesBuildPhase;
			buildActionMask = 2147483647;
			files = (
				147D591B2DEDD5D800E73181 /* LocalDataSource.swift in Sources */,
				14A263572DEB66DC00055EFC /* LatestResultsModel .swift in Sources */,
				14B25D5F2DE949B6004788ED /* CollectionViewCell.swift in Sources */,
				B83600572DEC9E9F00F1274C /* TeamDetailsViewController.swift in Sources */,
				14A2634C2DEB377300055EFC /* EventCollectionViewCell.swift in Sources */,
				147D591D2DEDD5F900E73181 /* LocalDataSourceProtocol.swift in Sources */,
				B83485032DEBAC05007D84F0 /* HeaderCollectionViewCell.swift in Sources */,
				14B25D1E2DE93EBB004788ED /* ViewController.swift in Sources */,
				B836FF722DEC77AB00F1274C /* SectionHeaderTitle.swift in Sources */,
				14F370182DEA634C00F4687F /* APIKeys.swift in Sources */,
				1462AE0B2DEC99AF002E52C2 /* TeamDetailsPresenter.swift in Sources */,
				14A263522DEB494400055EFC /* LeagueDetailsPresenter.swift in Sources */,
				14A2634F2DEB37AA00055EFC /* LeagueDetailsCollectionViewController.swift in Sources */,
				14A263552DEB5D9C00055EFC /* UpcomingEventModel.swift in Sources */,
				147D59152DEDAC8000E73181 /* CoachTableViewCell.swift in Sources */,
				14B25D5A2DE93FCB004788ED /* AllSportsPresenter.swift in Sources */,
				143D0A672DEC3BBB00F5464F /* AllTeams.swift in Sources */,
				1462AE072DEC998B002E52C2 /* PlayerTableViewCell.swift in Sources */,
				147D59182DEDC65100E73181 /* FavouritesTableViewController.swift in Sources */,
				14B25D1A2DE93EBB004788ED /* AppDelegate.swift in Sources */,
				14B25D242DE93EBB004788ED /* SQUADRA_SPORTS_APP.xcdatamodeld in Sources */,
				14B25D1C2DE93EBB004788ED /* SceneDelegate.swift in Sources */,
				14B25D5C2DE94968004788ED /* AllSportsCollectionViewController.swift in Sources */,
				14F3700B2DEA5FF900F4687F /* LeaguesModel.swift in Sources */,
				14B25D572DE93FAB004788ED /* AllSportsModel.swift in Sources */,
				B857F1E82DE941A800BA2AAF /* LeaguesTableViewCell.swift in Sources */,
				1462AE0D2DECA65D002E52C2 /* TennisPlayers.swift in Sources */,
				B857F1E42DE9418500BA2AAF /* LeaguesTableViewController.swift in Sources */,
				14A263482DEB375100055EFC /* TeamCollectionViewCell.swift in Sources */,
				14F370132DEA60FB00F4687F /* NetworkService.swift in Sources */,
				14F3700E2DEA60A500F4687F /* LeaguesPresenter.swift in Sources */,
			);
			runOnlyForDeploymentPostprocessing = 0;
		};
		14B25D2B2DE93EBE004788ED /* Sources */ = {
			isa = PBXSourcesBuildPhase;
			buildActionMask = 2147483647;
			files = (
				14B25D342DE93EBE004788ED /* SQUADRA_SPORTS_APPTests.swift in Sources */,
			);
			runOnlyForDeploymentPostprocessing = 0;
		};
		14B25D352DE93EBE004788ED /* Sources */ = {
			isa = PBXSourcesBuildPhase;
			buildActionMask = 2147483647;
			files = (
				14B25D3E2DE93EBE004788ED /* SQUADRA_SPORTS_APPUITests.swift in Sources */,
				14B25D402DE93EBE004788ED /* SQUADRA_SPORTS_APPUITestsLaunchTests.swift in Sources */,
			);
			runOnlyForDeploymentPostprocessing = 0;
		};
/* End PBXSourcesBuildPhase section */

/* Begin PBXTargetDependency section */
		14B25D312DE93EBE004788ED /* PBXTargetDependency */ = {
			isa = PBXTargetDependency;
			target = 14B25D152DE93EBB004788ED /* SQUADRA-SPORTS-APP */;
			targetProxy = 14B25D302DE93EBE004788ED /* PBXContainerItemProxy */;
		};
		14B25D3B2DE93EBE004788ED /* PBXTargetDependency */ = {
			isa = PBXTargetDependency;
			target = 14B25D152DE93EBB004788ED /* SQUADRA-SPORTS-APP */;
			targetProxy = 14B25D3A2DE93EBE004788ED /* PBXContainerItemProxy */;
		};
/* End PBXTargetDependency section */

/* Begin PBXVariantGroup section */
		14B25D1F2DE93EBB004788ED /* Main.storyboard */ = {
			isa = PBXVariantGroup;
			children = (
				14B25D202DE93EBB004788ED /* Base */,
			);
			name = Main.storyboard;
			sourceTree = "<group>";
		};
		14B25D272DE93EBD004788ED /* LaunchScreen.storyboard */ = {
			isa = PBXVariantGroup;
			children = (
				14B25D282DE93EBD004788ED /* Base */,
			);
			name = LaunchScreen.storyboard;
			sourceTree = "<group>";
		};
/* End PBXVariantGroup section */

/* Begin XCBuildConfiguration section */
		14B25D412DE93EBE004788ED /* Debug */ = {
			isa = XCBuildConfiguration;
			buildSettings = {
				ALWAYS_SEARCH_USER_PATHS = NO;
				CLANG_ANALYZER_NONNULL = YES;
				CLANG_ANALYZER_NUMBER_OBJECT_CONVERSION = YES_AGGRESSIVE;
				CLANG_CXX_LANGUAGE_STANDARD = "gnu++20";
				CLANG_ENABLE_MODULES = YES;
				CLANG_ENABLE_OBJC_ARC = YES;
				CLANG_ENABLE_OBJC_WEAK = YES;
				CLANG_WARN_BLOCK_CAPTURE_AUTORELEASING = YES;
				CLANG_WARN_BOOL_CONVERSION = YES;
				CLANG_WARN_COMMA = YES;
				CLANG_WARN_CONSTANT_CONVERSION = YES;
				CLANG_WARN_DEPRECATED_OBJC_IMPLEMENTATIONS = YES;
				CLANG_WARN_DIRECT_OBJC_ISA_USAGE = YES_ERROR;
				CLANG_WARN_DOCUMENTATION_COMMENTS = YES;
				CLANG_WARN_EMPTY_BODY = YES;
				CLANG_WARN_ENUM_CONVERSION = YES;
				CLANG_WARN_INFINITE_RECURSION = YES;
				CLANG_WARN_INT_CONVERSION = YES;
				CLANG_WARN_NON_LITERAL_NULL_CONVERSION = YES;
				CLANG_WARN_OBJC_IMPLICIT_RETAIN_SELF = YES;
				CLANG_WARN_OBJC_LITERAL_CONVERSION = YES;
				CLANG_WARN_OBJC_ROOT_CLASS = YES_ERROR;
				CLANG_WARN_QUOTED_INCLUDE_IN_FRAMEWORK_HEADER = YES;
				CLANG_WARN_RANGE_LOOP_ANALYSIS = YES;
				CLANG_WARN_STRICT_PROTOTYPES = YES;
				CLANG_WARN_SUSPICIOUS_MOVE = YES;
				CLANG_WARN_UNGUARDED_AVAILABILITY = YES_AGGRESSIVE;
				CLANG_WARN_UNREACHABLE_CODE = YES;
				CLANG_WARN__DUPLICATE_METHOD_MATCH = YES;
				COPY_PHASE_STRIP = NO;
				DEBUG_INFORMATION_FORMAT = dwarf;
				ENABLE_STRICT_OBJC_MSGSEND = YES;
				ENABLE_TESTABILITY = YES;
				GCC_C_LANGUAGE_STANDARD = gnu11;
				GCC_DYNAMIC_NO_PIC = NO;
				GCC_NO_COMMON_BLOCKS = YES;
				GCC_OPTIMIZATION_LEVEL = 0;
				GCC_PREPROCESSOR_DEFINITIONS = (
					"DEBUG=1",
					"$(inherited)",
				);
				GCC_WARN_64_TO_32_BIT_CONVERSION = YES;
				GCC_WARN_ABOUT_RETURN_TYPE = YES_ERROR;
				GCC_WARN_UNDECLARED_SELECTOR = YES;
				GCC_WARN_UNINITIALIZED_AUTOS = YES_AGGRESSIVE;
				GCC_WARN_UNUSED_FUNCTION = YES;
				GCC_WARN_UNUSED_VARIABLE = YES;
				IPHONEOS_DEPLOYMENT_TARGET = 16.4;
				MTL_ENABLE_DEBUG_INFO = INCLUDE_SOURCE;
				MTL_FAST_MATH = YES;
				ONLY_ACTIVE_ARCH = YES;
				SDKROOT = iphoneos;
				SWIFT_ACTIVE_COMPILATION_CONDITIONS = DEBUG;
				SWIFT_OPTIMIZATION_LEVEL = "-Onone";
			};
			name = Debug;
		};
		14B25D422DE93EBE004788ED /* Release */ = {
			isa = XCBuildConfiguration;
			buildSettings = {
				ALWAYS_SEARCH_USER_PATHS = NO;
				CLANG_ANALYZER_NONNULL = YES;
				CLANG_ANALYZER_NUMBER_OBJECT_CONVERSION = YES_AGGRESSIVE;
				CLANG_CXX_LANGUAGE_STANDARD = "gnu++20";
				CLANG_ENABLE_MODULES = YES;
				CLANG_ENABLE_OBJC_ARC = YES;
				CLANG_ENABLE_OBJC_WEAK = YES;
				CLANG_WARN_BLOCK_CAPTURE_AUTORELEASING = YES;
				CLANG_WARN_BOOL_CONVERSION = YES;
				CLANG_WARN_COMMA = YES;
				CLANG_WARN_CONSTANT_CONVERSION = YES;
				CLANG_WARN_DEPRECATED_OBJC_IMPLEMENTATIONS = YES;
				CLANG_WARN_DIRECT_OBJC_ISA_USAGE = YES_ERROR;
				CLANG_WARN_DOCUMENTATION_COMMENTS = YES;
				CLANG_WARN_EMPTY_BODY = YES;
				CLANG_WARN_ENUM_CONVERSION = YES;
				CLANG_WARN_INFINITE_RECURSION = YES;
				CLANG_WARN_INT_CONVERSION = YES;
				CLANG_WARN_NON_LITERAL_NULL_CONVERSION = YES;
				CLANG_WARN_OBJC_IMPLICIT_RETAIN_SELF = YES;
				CLANG_WARN_OBJC_LITERAL_CONVERSION = YES;
				CLANG_WARN_OBJC_ROOT_CLASS = YES_ERROR;
				CLANG_WARN_QUOTED_INCLUDE_IN_FRAMEWORK_HEADER = YES;
				CLANG_WARN_RANGE_LOOP_ANALYSIS = YES;
				CLANG_WARN_STRICT_PROTOTYPES = YES;
				CLANG_WARN_SUSPICIOUS_MOVE = YES;
				CLANG_WARN_UNGUARDED_AVAILABILITY = YES_AGGRESSIVE;
				CLANG_WARN_UNREACHABLE_CODE = YES;
				CLANG_WARN__DUPLICATE_METHOD_MATCH = YES;
				COPY_PHASE_STRIP = NO;
				DEBUG_INFORMATION_FORMAT = "dwarf-with-dsym";
				ENABLE_NS_ASSERTIONS = NO;
				ENABLE_STRICT_OBJC_MSGSEND = YES;
				GCC_C_LANGUAGE_STANDARD = gnu11;
				GCC_NO_COMMON_BLOCKS = YES;
				GCC_WARN_64_TO_32_BIT_CONVERSION = YES;
				GCC_WARN_ABOUT_RETURN_TYPE = YES_ERROR;
				GCC_WARN_UNDECLARED_SELECTOR = YES;
				GCC_WARN_UNINITIALIZED_AUTOS = YES_AGGRESSIVE;
				GCC_WARN_UNUSED_FUNCTION = YES;
				GCC_WARN_UNUSED_VARIABLE = YES;
				IPHONEOS_DEPLOYMENT_TARGET = 16.4;
				MTL_ENABLE_DEBUG_INFO = NO;
				MTL_FAST_MATH = YES;
				SDKROOT = iphoneos;
				SWIFT_COMPILATION_MODE = wholemodule;
				SWIFT_OPTIMIZATION_LEVEL = "-O";
				VALIDATE_PRODUCT = YES;
			};
			name = Release;
		};
		14B25D442DE93EBE004788ED /* Debug */ = {
			isa = XCBuildConfiguration;
			buildSettings = {
				ASSETCATALOG_COMPILER_APPICON_NAME = AppIcon;
				ASSETCATALOG_COMPILER_GLOBAL_ACCENT_COLOR_NAME = AccentColor;
				CODE_SIGN_STYLE = Automatic;
				CURRENT_PROJECT_VERSION = 1;
				GENERATE_INFOPLIST_FILE = YES;
				INFOPLIST_FILE = "SQUADRA-SPORTS-APP/Info.plist";
				INFOPLIST_KEY_UIApplicationSupportsIndirectInputEvents = YES;
				INFOPLIST_KEY_UILaunchStoryboardName = LaunchScreen;
				INFOPLIST_KEY_UIMainStoryboardFile = Main;
				INFOPLIST_KEY_UISupportedInterfaceOrientations_iPad = "UIInterfaceOrientationPortrait UIInterfaceOrientationPortraitUpsideDown UIInterfaceOrientationLandscapeLeft UIInterfaceOrientationLandscapeRight";
				INFOPLIST_KEY_UISupportedInterfaceOrientations_iPhone = "UIInterfaceOrientationPortrait UIInterfaceOrientationLandscapeLeft UIInterfaceOrientationLandscapeRight";
				LD_RUNPATH_SEARCH_PATHS = (
					"$(inherited)",
					"@executable_path/Frameworks",
				);
				MARKETING_VERSION = 1.0;
				PRODUCT_BUNDLE_IDENTIFIER = "nour.SQUADRA-SPORTS-APP";
				PRODUCT_NAME = "$(TARGET_NAME)";
				SWIFT_EMIT_LOC_STRINGS = YES;
				SWIFT_VERSION = 5.0;
				TARGETED_DEVICE_FAMILY = "1,2";
			};
			name = Debug;
		};
		14B25D452DE93EBE004788ED /* Release */ = {
			isa = XCBuildConfiguration;
			buildSettings = {
				ASSETCATALOG_COMPILER_APPICON_NAME = AppIcon;
				ASSETCATALOG_COMPILER_GLOBAL_ACCENT_COLOR_NAME = AccentColor;
				CODE_SIGN_STYLE = Automatic;
				CURRENT_PROJECT_VERSION = 1;
				GENERATE_INFOPLIST_FILE = YES;
				INFOPLIST_FILE = "SQUADRA-SPORTS-APP/Info.plist";
				INFOPLIST_KEY_UIApplicationSupportsIndirectInputEvents = YES;
				INFOPLIST_KEY_UILaunchStoryboardName = LaunchScreen;
				INFOPLIST_KEY_UIMainStoryboardFile = Main;
				INFOPLIST_KEY_UISupportedInterfaceOrientations_iPad = "UIInterfaceOrientationPortrait UIInterfaceOrientationPortraitUpsideDown UIInterfaceOrientationLandscapeLeft UIInterfaceOrientationLandscapeRight";
				INFOPLIST_KEY_UISupportedInterfaceOrientations_iPhone = "UIInterfaceOrientationPortrait UIInterfaceOrientationLandscapeLeft UIInterfaceOrientationLandscapeRight";
				LD_RUNPATH_SEARCH_PATHS = (
					"$(inherited)",
					"@executable_path/Frameworks",
				);
				MARKETING_VERSION = 1.0;
				PRODUCT_BUNDLE_IDENTIFIER = "nour.SQUADRA-SPORTS-APP";
				PRODUCT_NAME = "$(TARGET_NAME)";
				SWIFT_EMIT_LOC_STRINGS = YES;
				SWIFT_VERSION = 5.0;
				TARGETED_DEVICE_FAMILY = "1,2";
			};
			name = Release;
		};
		14B25D472DE93EBE004788ED /* Debug */ = {
			isa = XCBuildConfiguration;
			buildSettings = {
				ALWAYS_EMBED_SWIFT_STANDARD_LIBRARIES = YES;
				BUNDLE_LOADER = "$(TEST_HOST)";
				CODE_SIGN_STYLE = Automatic;
				CURRENT_PROJECT_VERSION = 1;
				GENERATE_INFOPLIST_FILE = YES;
				IPHONEOS_DEPLOYMENT_TARGET = 16.4;
				MARKETING_VERSION = 1.0;
				PRODUCT_BUNDLE_IDENTIFIER = "nour.SQUADRA-SPORTS-APPTests";
				PRODUCT_NAME = "$(TARGET_NAME)";
				SWIFT_EMIT_LOC_STRINGS = NO;
				SWIFT_VERSION = 5.0;
				TARGETED_DEVICE_FAMILY = "1,2";
				TEST_HOST = "$(BUILT_PRODUCTS_DIR)/SQUADRA-SPORTS-APP.app/$(BUNDLE_EXECUTABLE_FOLDER_PATH)/SQUADRA-SPORTS-APP";
			};
			name = Debug;
		};
		14B25D482DE93EBE004788ED /* Release */ = {
			isa = XCBuildConfiguration;
			buildSettings = {
				ALWAYS_EMBED_SWIFT_STANDARD_LIBRARIES = YES;
				BUNDLE_LOADER = "$(TEST_HOST)";
				CODE_SIGN_STYLE = Automatic;
				CURRENT_PROJECT_VERSION = 1;
				GENERATE_INFOPLIST_FILE = YES;
				IPHONEOS_DEPLOYMENT_TARGET = 16.4;
				MARKETING_VERSION = 1.0;
				PRODUCT_BUNDLE_IDENTIFIER = "nour.SQUADRA-SPORTS-APPTests";
				PRODUCT_NAME = "$(TARGET_NAME)";
				SWIFT_EMIT_LOC_STRINGS = NO;
				SWIFT_VERSION = 5.0;
				TARGETED_DEVICE_FAMILY = "1,2";
				TEST_HOST = "$(BUILT_PRODUCTS_DIR)/SQUADRA-SPORTS-APP.app/$(BUNDLE_EXECUTABLE_FOLDER_PATH)/SQUADRA-SPORTS-APP";
			};
			name = Release;
		};
		14B25D4A2DE93EBE004788ED /* Debug */ = {
			isa = XCBuildConfiguration;
			buildSettings = {
				ALWAYS_EMBED_SWIFT_STANDARD_LIBRARIES = YES;
				CODE_SIGN_STYLE = Automatic;
				CURRENT_PROJECT_VERSION = 1;
				GENERATE_INFOPLIST_FILE = YES;
				MARKETING_VERSION = 1.0;
				PRODUCT_BUNDLE_IDENTIFIER = "nour.SQUADRA-SPORTS-APPUITests";
				PRODUCT_NAME = "$(TARGET_NAME)";
				SWIFT_EMIT_LOC_STRINGS = NO;
				SWIFT_VERSION = 5.0;
				TARGETED_DEVICE_FAMILY = "1,2";
				TEST_TARGET_NAME = "SQUADRA-SPORTS-APP";
			};
			name = Debug;
		};
		14B25D4B2DE93EBE004788ED /* Release */ = {
			isa = XCBuildConfiguration;
			buildSettings = {
				ALWAYS_EMBED_SWIFT_STANDARD_LIBRARIES = YES;
				CODE_SIGN_STYLE = Automatic;
				CURRENT_PROJECT_VERSION = 1;
				GENERATE_INFOPLIST_FILE = YES;
				MARKETING_VERSION = 1.0;
				PRODUCT_BUNDLE_IDENTIFIER = "nour.SQUADRA-SPORTS-APPUITests";
				PRODUCT_NAME = "$(TARGET_NAME)";
				SWIFT_EMIT_LOC_STRINGS = NO;
				SWIFT_VERSION = 5.0;
				TARGETED_DEVICE_FAMILY = "1,2";
				TEST_TARGET_NAME = "SQUADRA-SPORTS-APP";
			};
			name = Release;
		};
/* End XCBuildConfiguration section */

/* Begin XCConfigurationList section */
		14B25D112DE93EBB004788ED /* Build configuration list for PBXProject "SQUADRA-SPORTS-APP" */ = {
			isa = XCConfigurationList;
			buildConfigurations = (
				14B25D412DE93EBE004788ED /* Debug */,
				14B25D422DE93EBE004788ED /* Release */,
			);
			defaultConfigurationIsVisible = 0;
			defaultConfigurationName = Release;
		};
		14B25D432DE93EBE004788ED /* Build configuration list for PBXNativeTarget "SQUADRA-SPORTS-APP" */ = {
			isa = XCConfigurationList;
			buildConfigurations = (
				14B25D442DE93EBE004788ED /* Debug */,
				14B25D452DE93EBE004788ED /* Release */,
			);
			defaultConfigurationIsVisible = 0;
			defaultConfigurationName = Release;
		};
		14B25D462DE93EBE004788ED /* Build configuration list for PBXNativeTarget "SQUADRA-SPORTS-APPTests" */ = {
			isa = XCConfigurationList;
			buildConfigurations = (
				14B25D472DE93EBE004788ED /* Debug */,
				14B25D482DE93EBE004788ED /* Release */,
			);
			defaultConfigurationIsVisible = 0;
			defaultConfigurationName = Release;
		};
		14B25D492DE93EBE004788ED /* Build configuration list for PBXNativeTarget "SQUADRA-SPORTS-APPUITests" */ = {
			isa = XCConfigurationList;
			buildConfigurations = (
				14B25D4A2DE93EBE004788ED /* Debug */,
				14B25D4B2DE93EBE004788ED /* Release */,
			);
			defaultConfigurationIsVisible = 0;
			defaultConfigurationName = Release;
		};
/* End XCConfigurationList section */

/* Begin XCRemoteSwiftPackageReference section */
		14F36FF72DEA59F200F4687F /* XCRemoteSwiftPackageReference "Alamofire" */ = {
			isa = XCRemoteSwiftPackageReference;
			repositoryURL = "https://github.com/Alamofire/Alamofire.git";
			requirement = {
				kind = exactVersion;
				version = 5.9.0;
			};
		};
		14F36FFC2DEA5A9200F4687F /* XCRemoteSwiftPackageReference "Kingfisher" */ = {
			isa = XCRemoteSwiftPackageReference;
			repositoryURL = "https://github.com/onevcat/Kingfisher";
			requirement = {
				kind = exactVersion;
				version = 7.11.0;
			};
		};
/* End XCRemoteSwiftPackageReference section */

/* Begin XCSwiftPackageProductDependency section */
		14F36FF82DEA59F300F4687F /* Alamofire */ = {
			isa = XCSwiftPackageProductDependency;
			package = 14F36FF72DEA59F200F4687F /* XCRemoteSwiftPackageReference "Alamofire" */;
			productName = Alamofire;
		};
		14F36FFD2DEA5A9200F4687F /* Kingfisher */ = {
			isa = XCSwiftPackageProductDependency;
			package = 14F36FFC2DEA5A9200F4687F /* XCRemoteSwiftPackageReference "Kingfisher" */;
			productName = Kingfisher;
		};
/* End XCSwiftPackageProductDependency section */

/* Begin XCVersionGroup section */
		14B25D222DE93EBB004788ED /* SQUADRA_SPORTS_APP.xcdatamodeld */ = {
			isa = XCVersionGroup;
			children = (
				14B25D232DE93EBB004788ED /* SQUADRA_SPORTS_APP.xcdatamodel */,
			);
			currentVersion = 14B25D232DE93EBB004788ED /* SQUADRA_SPORTS_APP.xcdatamodel */;
			path = SQUADRA_SPORTS_APP.xcdatamodeld;
			sourceTree = "<group>";
			versionGroupType = wrapper.xcdatamodel;
		};
/* End XCVersionGroup section */
	};
	rootObject = 14B25D0E2DE93EBB004788ED /* Project object */;
}
